{
  "name": "image-classifier",
  "lockfileVersion": 2,
  "requires": true,
  "packages": {
    "": {
      "dependencies": {
        "ervy": "^1.0.7",
        "jpeg-js": "^0.4.4"
      }
    },
    "node_modules/ervy": {
      "version": "1.0.7",
      "resolved": "https://registry.npmjs.org/ervy/-/ervy-1.0.7.tgz",
      "integrity": "sha512-LyHLPwIKxCKKtTO/qBMFzwA1BD5IjpM0AA3k6CeK9hrEn4Kbayi93G9eD/Ko4suEIjerSl7YpMmaOoL0g9OCoQ==",
      "engines": {
        "node": ">=8"
      }
    },
    "node_modules/jpeg-js": {
      "version": "0.4.4",
      "resolved": "https://registry.npmjs.org/jpeg-js/-/jpeg-js-0.4.4.tgz",
      "integrity": "sha512-WZzeDOEtTOBK4Mdsar0IqEU5sMr3vSV2RqkAIzUEV2BHnUfKGyswWFPFwK5EeDo93K3FohSHbLAjj0s1Wzd+dg=="
    }
  },
  "dependencies": {
    "ervy": {
      "version": "1.0.7",
      "resolved": "https://registry.npmjs.org/ervy/-/ervy-1.0.7.tgz",
      "integrity": "sha512-LyHLPwIKxCKKtTO/qBMFzwA1BD5IjpM0AA3k6CeK9hrEn4Kbayi93G9eD/Ko4suEIjerSl7YpMmaOoL0g9OCoQ=="
    },
    "jpeg-js": {
      "version": "0.4.4",
      "resolved": "https://registry.npmjs.org/jpeg-js/-/jpeg-js-0.4.4.tgz",
      "integrity": "sha512-WZzeDOEtTOBK4Mdsar0IqEU5sMr3vSV2RqkAIzUEV2BHnUfKGyswWFPFwK5EeDo93K3FohSHbLAjj0s1Wzd+dg=="
    }
  }
}
